// !$*UTF8*$!
{
	archiveVersion = 1;
	classes = {
	};
	objectVersion = 46;
	objects = {

/* Begin PBXBuildFile section */
		B63CF7D01B399E14005C0608 /* main.m in Sources */ = {isa = PBXBuildFile; fileRef = B63CF7CF1B399E14005C0608 /* main.m */; };
		B63CF7D31B399E14005C0608 /* AppDelegate.m in Sources */ = {isa = PBXBuildFile; fileRef = B63CF7D21B399E14005C0608 /* AppDelegate.m */; };
		B63CF7D61B399E14005C0608 /* ViewController.m in Sources */ = {isa = PBXBuildFile; fileRef = B63CF7D51B399E14005C0608 /* ViewController.m */; };
		B63CF7D91B399E14005C0608 /* Main.storyboard in Resources */ = {isa = PBXBuildFile; fileRef = B63CF7D71B399E14005C0608 /* Main.storyboard */; };
		B63CF7DE1B399E14005C0608 /* LaunchScreen.xib in Resources */ = {isa = PBXBuildFile; fileRef = B63CF7DC1B399E14005C0608 /* LaunchScreen.xib */; };
		B63CF7EA1B399E14005C0608 /* ScrollView_Part1_4Tests.m in Sources */ = {isa = PBXBuildFile; fileRef = B63CF7E91B399E14005C0608 /* ScrollView_Part1_4Tests.m */; };
		B63CF7F41B39A195005C0608 /* Images.xcassets in Resources */ = {isa = PBXBuildFile; fileRef = B63CF7F31B39A195005C0608 /* Images.xcassets */; };
/* End PBXBuildFile section */

/* Begin PBXContainerItemProxy section */
		B63CF7E41B399E14005C0608 /* PBXContainerItemProxy */ = {
			isa = PBXContainerItemProxy;
			containerPortal = B63CF7C21B399E14005C0608 /* Project object */;
			proxyType = 1;
			remoteGlobalIDString = B63CF7C91B399E14005C0608;
			remoteInfo = "ScrollView-Part1-4";
		};
/* End PBXContainerItemProxy section */

/* Begin PBXFileReference section */
		B63CF7CA1B399E14005C0608 /* ScrollView-Part1-4.app */ = {isa = PBXFileReference; explicitFileType = wrapper.application; includeInIndex = 0; path = "ScrollView-Part1-4.app"; sourceTree = BUILT_PRODUCTS_DIR; };
		B63CF7CE1B399E14005C0608 /* Info.plist */ = {isa = PBXFileReference; lastKnownFileType = text.plist.xml; path = Info.plist; sourceTree = "<group>"; };
		B63CF7CF1B399E14005C0608 /* main.m */ = {isa = PBXFileReference; lastKnownFileType = sourcecode.c.objc; path = main.m; sourceTree = "<group>"; };
		B63CF7D11B399E14005C0608 /* AppDelegate.h */ = {isa = PBXFileReference; lastKnownFileType = sourcecode.c.h; path = AppDelegate.h; sourceTree = "<group>"; };
		B63CF7D21B399E14005C0608 /* AppDelegate.m */ = {isa = PBXFileReference; lastKnownFileType = sourcecode.c.objc; path = AppDelegate.m; sourceTree = "<group>"; };
		B63CF7D41B399E14005C0608 /* ViewController.h */ = {isa = PBXFileReference; lastKnownFileType = sourcecode.c.h; path = ViewController.h; sourceTree = "<group>"; };
		B63CF7D51B399E14005C0608 /* ViewController.m */ = {isa = PBXFileReference; lastKnownFileType = sourcecode.c.objc; path = ViewController.m; sourceTree = "<group>"; };
		B63CF7D81B399E14005C0608 /* Base */ = {isa = PBXFileReference; lastKnownFileType = file.storyboard; name = Base; path = Base.lproj/Main.storyboard; sourceTree = "<group>"; };
		B63CF7DD1B399E14005C0608 /* Base */ = {isa = PBXFileReference; lastKnownFileType = file.xib; name = Base; path = Base.lproj/LaunchScreen.xib; sourceTree = "<group>"; };
		B63CF7E31B399E14005C0608 /* ScrollView-Part1-4Tests.xctest */ = {isa = PBXFileReference; explicitFileType = wrapper.cfbundle; includeInIndex = 0; path = "ScrollView-Part1-4Tests.xctest"; sourceTree = BUILT_PRODUCTS_DIR; };
		B63CF7E81B399E14005C0608 /* Info.plist */ = {isa = PBXFileReference; lastKnownFileType = text.plist.xml; path = Info.plist; sourceTree = "<group>"; };
		B63CF7E91B399E14005C0608 /* ScrollView_Part1_4Tests.m */ = {isa = PBXFileReference; lastKnownFileType = sourcecode.c.objc; path = ScrollView_Part1_4Tests.m; sourceTree = "<group>"; };
		B63CF7F31B39A195005C0608 /* Images.xcassets */ = {isa = PBXFileReference; lastKnownFileType = folder.assetcatalog; name = Images.xcassets; path = "../../../ScrollView-Images/Images.xcassets"; sourceTree = "<group>"; };
/* End PBXFileReference section */

/* Begin PBXFrameworksBuildPhase section */
		B63CF7C71B399E14005C0608 /* Frameworks */ = {
			isa = PBXFrameworksBuildPhase;
			buildActionMask = 2147483647;
			files = (
			);
			runOnlyForDeploymentPostprocessing = 0;
		};
		B63CF7E01B399E14005C0608 /* Frameworks */ = {
			isa = PBXFrameworksBuildPhase;
			buildActionMask = 2147483647;
			files = (
			);
			runOnlyForDeploymentPostprocessing = 0;
		};
/* End PBXFrameworksBuildPhase section */

/* Begin PBXGroup section */
		B63CF7C11B399E14005C0608 = {
			isa = PBXGroup;
			children = (
				B63CF7CC1B399E14005C0608 /* ScrollView-Part1-4 */,
				B63CF7E61B399E14005C0608 /* ScrollView-Part1-4Tests */,
				B63CF7CB1B399E14005C0608 /* Products */,
			);
			sourceTree = "<group>";
		};
		B63CF7CB1B399E14005C0608 /* Products */ = {
			isa = PBXGroup;
			children = (
				B63CF7CA1B399E14005C0608 /* ScrollView-Part1-4.app */,
				B63CF7E31B399E14005C0608 /* ScrollView-Part1-4Tests.xctest */,
			);
			name = Products;
			sourceTree = "<group>";
		};
		B63CF7CC1B399E14005C0608 /* ScrollView-Part1-4 */ = {
			isa = PBXGroup;
			children = (
				B63CF7D11B399E14005C0608 /* AppDelegate.h */,
				B63CF7D21B399E14005C0608 /* AppDelegate.m */,
				B63CF7D41B399E14005C0608 /* ViewController.h */,
				B63CF7D51B399E14005C0608 /* ViewController.m */,
				B63CF7D71B399E14005C0608 /* Main.storyboard */,
				B63CF7F31B39A195005C0608 /* Images.xcassets */,
				B63CF7DC1B399E14005C0608 /* LaunchScreen.xib */,
				B63CF7CD1B399E14005C0608 /* Supporting Files */,
			);
			path = "ScrollView-Part1-4";
			sourceTree = "<group>";
		};
		B63CF7CD1B399E14005C0608 /* Supporting Files */ = {
			isa = PBXGroup;
			children = (
				B63CF7CE1B399E14005C0608 /* Info.plist */,
				B63CF7CF1B399E14005C0608 /* main.m */,
			);
			name = "Supporting Files";
			sourceTree = "<group>";
		};
		B63CF7E61B399E14005C0608 /* ScrollView-Part1-4Tests */ = {
			isa = PBXGroup;
			children = (
				B63CF7E91B399E14005C0608 /* ScrollView_Part1_4Tests.m */,
				B63CF7E71B399E14005C0608 /* Supporting Files */,
			);
			path = "ScrollView-Part1-4Tests";
			sourceTree = "<group>";
		};
		B63CF7E71B399E14005C0608 /* Supporting Files */ = {
			isa = PBXGroup;
			children = (
				B63CF7E81B399E14005C0608 /* Info.plist */,
			);
			name = "Supporting Files";
			sourceTree = "<group>";
		};
/* End PBXGroup section */

/* Begin PBXNativeTarget section */
		B63CF7C91B399E14005C0608 /* ScrollView-Part1-4 */ = {
			isa = PBXNativeTarget;
			buildConfigurationList = B63CF7ED1B399E14005C0608 /* Build configuration list for PBXNativeTarget "ScrollView-Part1-4" */;
			buildPhases = (
				B63CF7C61B399E14005C0608 /* Sources */,
				B63CF7C71B399E14005C0608 /* Frameworks */,
				B63CF7C81B399E14005C0608 /* Resources */,
			);
			buildRules = (
			);
			dependencies = (
			);
			name = "ScrollView-Part1-4";
			productName = "ScrollView-Part1-4";
			productReference = B63CF7CA1B399E14005C0608 /* ScrollView-Part1-4.app */;
			productType = "com.apple.product-type.application";
		};
		B63CF7E21B399E14005C0608 /* ScrollView-Part1-4Tests */ = {
			isa = PBXNativeTarget;
			buildConfigurationList = B63CF7F01B399E14005C0608 /* Build configuration list for PBXNativeTarget "ScrollView-Part1-4Tests" */;
			buildPhases = (
				B63CF7DF1B399E14005C0608 /* Sources */,
				B63CF7E01B399E14005C0608 /* Frameworks */,
				B63CF7E11B399E14005C0608 /* Resources */,
			);
			buildRules = (
			);
			dependencies = (
				B63CF7E51B399E14005C0608 /* PBXTargetDependency */,
			);
			name = "ScrollView-Part1-4Tests";
			productName = "ScrollView-Part1-4Tests";
			productReference = B63CF7E31B399E14005C0608 /* ScrollView-Part1-4Tests.xctest */;
			productType = "com.apple.product-type.bundle.unit-test";
		};
/* End PBXNativeTarget section */

/* Begin PBXProject section */
		B63CF7C21B399E14005C0608 /* Project object */ = {
			isa = PBXProject;
			attributes = {
				LastUpgradeCheck = 0630;
				ORGANIZATIONNAME = "Arsalan Vakili";
				TargetAttributes = {
					B63CF7C91B399E14005C0608 = {
						CreatedOnToolsVersion = 6.3.1;
					};
					B63CF7E21B399E14005C0608 = {
						CreatedOnToolsVersion = 6.3.1;
						TestTargetID = B63CF7C91B399E14005C0608;
					};
				};
			};
			buildConfigurationList = B63CF7C51B399E14005C0608 /* Build configuration list for PBXProject "ScrollView-Part1-4" */;
			compatibilityVersion = "Xcode 3.2";
			developmentRegion = English;
			hasScannedForEncodings = 0;
			knownRegions = (
				en,
				Base,
			);
			mainGroup = B63CF7C11B399E14005C0608;
			productRefGroup = B63CF7CB1B399E14005C0608 /* Products */;
			projectDirPath = "";
			projectRoot = "";
			targets = (
				B63CF7C91B399E14005C0608 /* ScrollView-Part1-4 */,
				B63CF7E21B399E14005C0608 /* ScrollView-Part1-4Tests */,
			);
		};
/* End PBXProject section */

/* Begin PBXResourcesBuildPhase section */
		B63CF7C81B399E14005C0608 /* Resources */ = {
			isa = PBXResourcesBuildPhase;
			buildActionMask = 2147483647;
			files = (
				B63CF7D91B399E14005C0608 /* Main.storyboard in Resources */,
				B63CF7F41B39A195005C0608 /* Images.xcassets in Resources */,
				B63CF7DE1B399E14005C0608 /* LaunchScreen.xib in Resources */,
			);
			runOnlyForDeploymentPostprocessing = 0;
		};
		B63CF7E11B399E14005C0608 /* Resources */ = {
			isa = PBXResourcesBuildPhase;
			buildActionMask = 2147483647;
			files = (
			);
			runOnlyForDeploymentPostprocessing = 0;
		};
/* End PBXResourcesBuildPhase section */

/* Begin PBXSourcesBuildPhase section */
		B63CF7C61B399E14005C0608 /* Sources */ = {
			isa = PBXSourcesBuildPhase;
			buildActionMask = 2147483647;
			files = (
				B63CF7D61B399E14005C0608 /* ViewController.m in Sources */,
				B63CF7D31B399E14005C0608 /* AppDelegate.m in Sources */,
				B63CF7D01B399E14005C0608 /* main.m in Sources */,
			);
			runOnlyForDeploymentPostprocessing = 0;
		};
		B63CF7DF1B399E14005C0608 /* Sources */ = {
			isa = PBXSourcesBuildPhase;
			buildActionMask = 2147483647;
			files = (
				B63CF7EA1B399E14005C0608 /* ScrollView_Part1_4Tests.m in Sources */,
			);
			runOnlyForDeploymentPostprocessing = 0;
		};
/* End PBXSourcesBuildPhase section */

/* Begin PBXTargetDependency section */
		B63CF7E51B399E14005C0608 /* PBXTargetDependency */ = {
			isa = PBXTargetDependency;
			target = B63CF7C91B399E14005C0608 /* ScrollView-Part1-4 */;
			targetProxy = B63CF7E41B399E14005C0608 /* PBXContainerItemProxy */;
		};
/* End PBXTargetDependency section */

/* Begin PBXVariantGroup section */
		B63CF7D71B399E14005C0608 /* Main.storyboard */ = {
			isa = PBXVariantGroup;
			children = (
				B63CF7D81B399E14005C0608 /* Base */,
			);
			name = Main.storyboard;
			sourceTree = "<group>";
		};
		B63CF7DC1B399E14005C0608 /* LaunchScreen.xib */ = {
			isa = PBXVariantGroup;
			children = (
				B63CF7DD1B399E14005C0608 /* Base */,
			);
			name = LaunchScreen.xib;
			sourceTree = "<group>";
		};
/* End PBXVariantGroup section */

/* Begin XCBuildConfiguration section */
		B63CF7EB1B399E14005C0608 /* Debug */ = {
			isa = XCBuildConfiguration;
			buildSettings = {
				ALWAYS_SEARCH_USER_PATHS = NO;
				CLANG_CXX_LANGUAGE_STANDARD = "gnu++0x";
				CLANG_CXX_LIBRARY = "libc++";
				CLANG_ENABLE_MODULES = YES;
				CLANG_ENABLE_OBJC_ARC = YES;
				CLANG_WARN_BOOL_CONVERSION = YES;
				CLANG_WARN_CONSTANT_CONVERSION = YES;
				CLANG_WARN_DIRECT_OBJC_ISA_USAGE = YES_ERROR;
				CLANG_WARN_EMPTY_BODY = YES;
				CLANG_WARN_ENUM_CONVERSION = YES;
				CLANG_WARN_INT_CONVERSION = YES;
				CLANG_WARN_OBJC_ROOT_CLASS = YES_ERROR;
				CLANG_WARN_UNREACHABLE_CODE = YES;
				CLANG_WARN__DUPLICATE_METHOD_MATCH = YES;
				"CODE_SIGN_IDENTITY[sdk=iphoneos*]" = "iPhone Developer";
				COPY_PHASE_STRIP = NO;
				DEBUG_INFORMATION_FORMAT = "dwarf-with-dsym";
				ENABLE_STRICT_OBJC_MSGSEND = YES;
				GCC_C_LANGUAGE_STANDARD = gnu99;
				GCC_DYNAMIC_NO_PIC = NO;
				GCC_NO_COMMON_BLOCKS = YES;
				GCC_OPTIMIZATION_LEVEL = 0;
				GCC_PREPROCESSOR_DEFINITIONS = (
					"DEBUG=1",
					"$(inherited)",
				);
				GCC_SYMBOLS_PRIVATE_EXTERN = NO;
				GCC_WARN_64_TO_32_BIT_CONVERSION = YES;
				GCC_WARN_ABOUT_RETURN_TYPE = YES_ERROR;
				GCC_WARN_UNDECLARED_SELECTOR = YES;
				GCC_WARN_UNINITIALIZED_AUTOS = YES_AGGRESSIVE;
				GCC_WARN_UNUSED_FUNCTION = YES;
				GCC_WARN_UNUSED_VARIABLE = YES;
				IPHONEOS_DEPLOYMENT_TARGET = 8.3;
				MTL_ENABLE_DEBUG_INFO = YES;
				ONLY_ACTIVE_ARCH = YES;
				SDKROOT = iphoneos;
			};
			name = Debug;
		};
		B63CF7EC1B399E14005C0608 /* Release */ = {
			isa = XCBuildConfiguration;
			buildSettings = {
				ALWAYS_SEARCH_USER_PATHS = NO;
				CLANG_CXX_LANGUAGE_STANDARD = "gnu++0x";
				CLANG_CXX_LIBRARY = "libc++";
				CLANG_ENABLE_MODULES = YES;
				CLANG_ENABLE_OBJC_ARC = YES;
				CLANG_WARN_BOOL_CONVERSION = YES;
				CLANG_WARN_CONSTANT_CONVERSION = YES;
				CLANG_WARN_DIRECT_OBJC_ISA_USAGE = YES_ERROR;
				CLANG_WARN_EMPTY_BODY = YES;
				CLANG_WARN_ENUM_CONVERSION = YES;
				CLANG_WARN_INT_CONVERSION = YES;
				CLANG_WARN_OBJC_ROOT_CLASS = YES_ERROR;
				CLANG_WARN_UNREACHABLE_CODE = YES;
				CLANG_WARN__DUPLICATE_METHOD_MATCH = YES;
				"CODE_SIGN_IDENTITY[sdk=iphoneos*]" = "iPhone Developer";
				COPY_PHASE_STRIP = NO;
				DEBUG_INFORMATION_FORMAT = "dwarf-with-dsym";
				ENABLE_NS_ASSERTIONS = NO;
				ENABLE_STRICT_OBJC_MSGSEND = YES;
				GCC_C_LANGUAGE_STANDARD = gnu99;
				GCC_NO_COMMON_BLOCKS = YES;
				GCC_WARN_64_TO_32_BIT_CONVERSION = YES;
				GCC_WARN_ABOUT_RETURN_TYPE = YES_ERROR;
				GCC_WARN_UNDECLARED_SELECTOR = YES;
				GCC_WARN_UNINITIALIZED_AUTOS = YES_AGGRESSIVE;
				GCC_WARN_UNUSED_FUNCTION = YES;
				GCC_WARN_UNUSED_VARIABLE = YES;
				IPHONEOS_DEPLOYMENT_TARGET = 8.3;
				MTL_ENABLE_DEBUG_INFO = NO;
				SDKROOT = iphoneos;
				VALIDATE_PRODUCT = YES;
			};
			name = Release;
		};
		B63CF7EE1B399E14005C0608 /* Debug */ = {
			isa = XCBuildConfiguration;
			buildSettings = {
				ASSETCATALOG_COMPILER_APPICON_NAME = AppIcon;
				INFOPLIST_FILE = "ScrollView-Part1-4/Info.plist";
				LD_RUNPATH_SEARCH_PATHS = "$(inherited) @executable_path/Frameworks";
				PRODUCT_NAME = "$(TARGET_NAME)";
			};
			name = Debug;
		};
		B63CF7EF1B399E14005C0608 /* Release */ = {
			isa = XCBuildConfiguration;
			buildSettings = {
				ASSETCATALOG_COMPILER_APPICON_NAME = AppIcon;
				INFOPLIST_FILE = "ScrollView-Part1-4/Info.plist";
				LD_RUNPATH_SEARCH_PATHS = "$(inherited) @executable_path/Frameworks";
				PRODUCT_NAME = "$(TARGET_NAME)";
			};
			name = Release;
		};
		B63CF7F11B399E14005C0608 /* Debug */ = {
			isa = XCBuildConfiguration;
			buildSettings = {
				BUNDLE_LOADER = "$(TEST_HOST)";
				FRAMEWORK_SEARCH_PATHS = (
					"$(SDKROOT)/Developer/Library/Frameworks",
					"$(inherited)",
				);
				GCC_PREPROCESSOR_DEFINITIONS = (
					"DEBUG=1",
					"$(inherited)",
				);
				INFOPLIST_FILE = "ScrollView-Part1-4Tests/Info.plist";
				LD_RUNPATH_SEARCH_PATHS = "$(inherited) @executable_path/Frameworks @loader_path/Frameworks";
				PRODUCT_NAME = "$(TARGET_NAME)";
				TEST_HOST = "$(BUILT_PRODUCTS_DIR)/ScrollView-Part1-4.app/ScrollView-Part1-4";
			};
			name = Debug;
		};
		B63CF7F21B399E14005C0608 /* Release */ = {
			isa = XCBuildConfiguration;
			buildSettings = {
				BUNDLE_LOADER = "$(TEST_HOST)";
				FRAMEWORK_SEARCH_PATHS = (
					"$(SDKROOT)/Developer/Library/Frameworks",
					"$(inherited)",
				);
				INFOPLIST_FILE = "ScrollView-Part1-4Tests/Info.plist";
				LD_RUNPATH_SEARCH_PATHS = "$(inherited) @executable_path/Frameworks @loader_path/Frameworks";
				PRODUCT_NAME = "$(TARGET_NAME)";
				TEST_HOST = "$(BUILT_PRODUCTS_DIR)/ScrollView-Part1-4.app/ScrollView-Part1-4";
			};
			name = Release;
		};
/* End XCBuildConfiguration section */

/* Begin XCConfigurationList section */
		B63CF7C51B399E14005C0608 /* Build configuration list for PBXProject "ScrollView-Part1-4" */ = {
			isa = XCConfigurationList;
			buildConfigurations = (
				B63CF7EB1B399E14005C0608 /* Debug */,
				B63CF7EC1B399E14005C0608 /* Release */,
			);
			defaultConfigurationIsVisible = 0;
			defaultConfigurationName = Release;
		};
		B63CF7ED1B399E14005C0608 /* Build configuration list for PBXNativeTarget "ScrollView-Part1-4" */ = {
			isa = XCConfigurationList;
			buildConfigurations = (
				B63CF7EE1B399E14005C0608 /* Debug */,
				B63CF7EF1B399E14005C0608 /* Release */,
			);
			defaultConfigurationIsVisible = 0;
		};
		B63CF7F01B399E14005C0608 /* Build configuration list for PBXNativeTarget "ScrollView-Part1-4Tests" */ = {
			isa = XCConfigurationList;
			buildConfigurations = (
				B63CF7F11B399E14005C0608 /* Debug */,
				B63CF7F21B399E14005C0608 /* Release */,
			);
			defaultConfigurationIsVisible = 0;
		};
/* End XCConfigurationList section */
	};
	rootObject = B63CF7C21B399E14005C0608 /* Project object */;
}
